Microsoft Visual Studio Solution File, Format Version 12.00
# Visual Studio Version 17
VisualStudioVersion = 17.5.2.0
MinimumVisualStudioVersion = 10.0.40219.1
Project("{FAE04EC0-301F-11D3-BF4B-00C04F79EFBC}") = "TemplateBot", "TemplateBot\TemplateBot.csproj", "{16C6289D-AAD1-E494-E250-5D536269E428}"
EndProject
Project("{2150E333-8FDC-42A3-9474-1A3956D46DE8}") = "sample-bots-csharp-0.30.0", "sample-bots-csharp-0.30.0", "{D0ACAF69-A545-561C-8220-0846CE32AFE0}"
EndProject
Project("{FAE04EC0-301F-11D3-BF4B-00C04F79EFBC}") = "Corners", "sample-bots-csharp-0.30.0\Corners\Corners.csproj", "{AF3A2AF3-46D5-8AFB-E202-CB582F757010}"
EndProject
Project("{FAE04EC0-301F-11D3-BF4B-00C04F79EFBC}") = "Crazy", "sample-bots-csharp-0.30.0\Crazy\Crazy.csproj", "{0DCB64B0-710B-530E-5087-D268691F454A}"
EndProject
Project("{FAE04EC0-301F-11D3-BF4B-00C04F79EFBC}") = "Fire", "sample-bots-csharp-0.30.0\Fire\Fire.csproj", "{9AA86B46-B34C-5972-01C1-0F42D5BF042C}"
EndProject
Project("{FAE04EC0-301F-11D3-BF4B-00C04F79EFBC}") = "MyFirstBot", "sample-bots-csharp-0.30.0\MyFirstBot\MyFirstBot.csproj", "{574E202A-886D-F476-4EF0-BBA4C8A683AC}"
EndProject
Project("{FAE04EC0-301F-11D3-BF4B-00C04F79EFBC}") = "MyFirstDroid", "sample-bots-csharp-0.30.0\MyFirstDroid\MyFirstDroid.csproj", "{5CF4AD9F-E1AB-4819-0A33-A5A1EED17491}"
EndProject
Project("{FAE04EC0-301F-11D3-BF4B-00C04F79EFBC}") = "MyFirstLeader", "sample-bots-csharp-0.30.0\MyFirstLeader\MyFirstLeader.csproj", "{506F14EF-6D7C-1256-AF34-29742F571129}"
EndProject
Project("{FAE04EC0-301F-11D3-BF4B-00C04F79EFBC}") = "PaintingBot", "sample-bots-csharp-0.30.0\PaintingBot\PaintingBot.csproj", "{46865CEE-260E-D798-0F83-F6AA62D9E9DC}"
EndProject
Project("{FAE04EC0-301F-11D3-BF4B-00C04F79EFBC}") = "RamFire", "sample-bots-csharp-0.30.0\RamFire\RamFire.csproj", "{D932AD72-5C9D-6C2E-D89D-A4B3902E69F5}"
EndProject
Project("{FAE04EC0-301F-11D3-BF4B-00C04F79EFBC}") = "SpinBot", "sample-bots-csharp-0.30.0\SpinBot\SpinBot.csproj", "{D08ADF52-12BE-6FA6-9814-A6D0D27DE7D8}"
EndProject
Project("{FAE04EC0-301F-11D3-BF4B-00C04F79EFBC}") = "Target", "sample-bots-csharp-0.30.0\Target\Target.csproj", "{88DDB7BD-B4C0-12A9-3FF3-52E4E8303125}"
EndProject
Project("{FAE04EC0-301F-11D3-BF4B-00C04F79EFBC}") = "TrackFire", "sample-bots-csharp-0.30.0\TrackFire\TrackFire.csproj", "{CC06FD5E-A717-5D55-1FDD-3BD03D9CE53C}"
EndProject
Project("{FAE04EC0-301F-11D3-BF4B-00C04F79EFBC}") = "VelocityBot", "sample-bots-csharp-0.30.0\VelocityBot\VelocityBot.csproj", "{ECA6C189-3D57-39B0-016C-A04415E8FB0B}"
EndProject
Project("{FAE04EC0-301F-11D3-BF4B-00C04F79EFBC}") = "Walls", "sample-bots-csharp-0.30.0\Walls\Walls.csproj", "{8A196724-F6B6-39EA-99D4-4B3A02D774ED}"
EndProject
Global
	GlobalSection(SolutionConfigurationPlatforms) = preSolution
		Debug|Any CPU = Debug|Any CPU
		Release|Any CPU = Release|Any CPU
	EndGlobalSection
	GlobalSection(ProjectConfigurationPlatforms) = postSolution
		{16C6289D-AAD1-E494-E250-5D536269E428}.Debug|Any CPU.ActiveCfg = Debug|Any CPU
		{16C6289D-AAD1-E494-E250-5D536269E428}.Debug|Any CPU.Build.0 = Debug|Any CPU
		{16C6289D-AAD1-E494-E250-5D536269E428}.Release|Any CPU.ActiveCfg = Release|Any CPU
		{16C6289D-AAD1-E494-E250-5D536269E428}.Release|Any CPU.Build.0 = Release|Any CPU
		{AF3A2AF3-46D5-8AFB-E202-CB582F757010}.Debug|Any CPU.ActiveCfg = Debug|Any CPU
		{AF3A2AF3-46D5-8AFB-E202-CB582F757010}.Debug|Any CPU.Build.0 = Debug|Any CPU
		{AF3A2AF3-46D5-8AFB-E202-CB582F757010}.Release|Any CPU.ActiveCfg = Release|Any CPU
		{AF3A2AF3-46D5-8AFB-E202-CB582F757010}.Release|Any CPU.Build.0 = Release|Any CPU
		{0DCB64B0-710B-530E-5087-D268691F454A}.Debug|Any CPU.ActiveCfg = Debug|Any CPU
		{0DCB64B0-710B-530E-5087-D268691F454A}.Debug|Any CPU.Build.0 = Debug|Any CPU
		{0DCB64B0-710B-530E-5087-D268691F454A}.Release|Any CPU.ActiveCfg = Release|Any CPU
		{0DCB64B0-710B-530E-5087-D268691F454A}.Release|Any CPU.Build.0 = Release|Any CPU
		{9AA86B46-B34C-5972-01C1-0F42D5BF042C}.Debug|Any CPU.ActiveCfg = Debug|Any CPU
		{9AA86B46-B34C-5972-01C1-0F42D5BF042C}.Debug|Any CPU.Build.0 = Debug|Any CPU
		{9AA86B46-B34C-5972-01C1-0F42D5BF042C}.Release|Any CPU.ActiveCfg = Release|Any CPU
		{9AA86B46-B34C-5972-01C1-0F42D5BF042C}.Release|Any CPU.Build.0 = Release|Any CPU
		{574E202A-886D-F476-4EF0-BBA4C8A683AC}.Debug|Any CPU.ActiveCfg = Debug|Any CPU
		{574E202A-886D-F476-4EF0-BBA4C8A683AC}.Debug|Any CPU.Build.0 = Debug|Any CPU
		{574E202A-886D-F476-4EF0-BBA4C8A683AC}.Release|Any CPU.ActiveCfg = Release|Any CPU
		{574E202A-886D-F476-4EF0-BBA4C8A683AC}.Release|Any CPU.Build.0 = Release|Any CPU
		{5CF4AD9F-E1AB-4819-0A33-A5A1EED17491}.Debug|Any CPU.ActiveCfg = Debug|Any CPU
		{5CF4AD9F-E1AB-4819-0A33-A5A1EED17491}.Debug|Any CPU.Build.0 = Debug|Any CPU
		{5CF4AD9F-E1AB-4819-0A33-A5A1EED17491}.Release|Any CPU.ActiveCfg = Release|Any CPU
		{5CF4AD9F-E1AB-4819-0A33-A5A1EED17491}.Release|Any CPU.Build.0 = Release|Any CPU
		{506F14EF-6D7C-1256-AF34-29742F571129}.Debug|Any CPU.ActiveCfg = Debug|Any CPU
		{506F14EF-6D7C-1256-AF34-29742F571129}.Debug|Any CPU.Build.0 = Debug|Any CPU
		{506F14EF-6D7C-1256-AF34-29742F571129}.Release|Any CPU.ActiveCfg = Release|Any CPU
		{506F14EF-6D7C-1256-AF34-29742F571129}.Release|Any CPU.Build.0 = Release|Any CPU
		{46865CEE-260E-D798-0F83-F6AA62D9E9DC}.Debug|Any CPU.ActiveCfg = Debug|Any CPU
		{46865CEE-260E-D798-0F83-F6AA62D9E9DC}.Debug|Any CPU.Build.0 = Debug|Any CPU
		{46865CEE-260E-D798-0F83-F6AA62D9E9DC}.Release|Any CPU.ActiveCfg = Release|Any CPU
		{46865CEE-260E-D798-0F83-F6AA62D9E9DC}.Release|Any CPU.Build.0 = Release|Any CPU
		{D932AD72-5C9D-6C2E-D89D-A4B3902E69F5}.Debug|Any CPU.ActiveCfg = Debug|Any CPU
		{D932AD72-5C9D-6C2E-D89D-A4B3902E69F5}.Debug|Any CPU.Build.0 = Debug|Any CPU
		{D932AD72-5C9D-6C2E-D89D-A4B3902E69F5}.Release|Any CPU.ActiveCfg = Release|Any CPU
		{D932AD72-5C9D-6C2E-D89D-A4B3902E69F5}.Release|Any CPU.Build.0 = Release|Any CPU
		{D08ADF52-12BE-6FA6-9814-A6D0D27DE7D8}.Debug|Any CPU.ActiveCfg = Debug|Any CPU
		{D08ADF52-12BE-6FA6-9814-A6D0D27DE7D8}.Debug|Any CPU.Build.0 = Debug|Any CPU
		{D08ADF52-12BE-6FA6-9814-A6D0D27DE7D8}.Release|Any CPU.ActiveCfg = Release|Any CPU
		{D08ADF52-12BE-6FA6-9814-A6D0D27DE7D8}.Release|Any CPU.Build.0 = Release|Any CPU
		{88DDB7BD-B4C0-12A9-3FF3-52E4E8303125}.Debug|Any CPU.ActiveCfg = Debug|Any CPU
		{88DDB7BD-B4C0-12A9-3FF3-52E4E8303125}.Debug|Any CPU.Build.0 = Debug|Any CPU
		{88DDB7BD-B4C0-12A9-3FF3-52E4E8303125}.Release|Any CPU.ActiveCfg = Release|Any CPU
		{88DDB7BD-B4C0-12A9-3FF3-52E4E8303125}.Release|Any CPU.Build.0 = Release|Any CPU
		{CC06FD5E-A717-5D55-1FDD-3BD03D9CE53C}.Debug|Any CPU.ActiveCfg = Debug|Any CPU
		{CC06FD5E-A717-5D55-1FDD-3BD03D9CE53C}.Debug|Any CPU.Build.0 = Debug|Any CPU
		{CC06FD5E-A717-5D55-1FDD-3BD03D9CE53C}.Release|Any CPU.ActiveCfg = Release|Any CPU
		{CC06FD5E-A717-5D55-1FDD-3BD03D9CE53C}.Release|Any CPU.Build.0 = Release|Any CPU
		{ECA6C189-3D57-39B0-016C-A04415E8FB0B}.Debug|Any CPU.ActiveCfg = Debug|Any CPU
		{ECA6C189-3D57-39B0-016C-A04415E8FB0B}.Debug|Any CPU.Build.0 = Debug|Any CPU
		{ECA6C189-3D57-39B0-016C-A04415E8FB0B}.Release|Any CPU.ActiveCfg = Release|Any CPU
		{ECA6C189-3D57-39B0-016C-A04415E8FB0B}.Release|Any CPU.Build.0 = Release|Any CPU
		{8A196724-F6B6-39EA-99D4-4B3A02D774ED}.Debug|Any CPU.ActiveCfg = Debug|Any CPU
		{8A196724-F6B6-39EA-99D4-4B3A02D774ED}.Debug|Any CPU.Build.0 = Debug|Any CPU
		{8A196724-F6B6-39EA-99D4-4B3A02D774ED}.Release|Any CPU.ActiveCfg = Release|Any CPU
		{8A196724-F6B6-39EA-99D4-4B3A02D774ED}.Release|Any CPU.Build.0 = Release|Any CPU
	EndGlobalSection
	GlobalSection(SolutionProperties) = preSolution
		HideSolutionNode = FALSE
	EndGlobalSection
	GlobalSection(NestedProjects) = preSolution
		{AF3A2AF3-46D5-8AFB-E202-CB582F757010} = {D0ACAF69-A545-561C-8220-0846CE32AFE0}
		{0DCB64B0-710B-530E-5087-D268691F454A} = {D0ACAF69-A545-561C-8220-0846CE32AFE0}
		{9AA86B46-B34C-5972-01C1-0F42D5BF042C} = {D0ACAF69-A545-561C-8220-0846CE32AFE0}
		{574E202A-886D-F476-4EF0-BBA4C8A683AC} = {D0ACAF69-A545-561C-8220-0846CE32AFE0}
		{5CF4AD9F-E1AB-4819-0A33-A5A1EED17491} = {D0ACAF69-A545-561C-8220-0846CE32AFE0}
		{506F14EF-6D7C-1256-AF34-29742F571129} = {D0ACAF69-A545-561C-8220-0846CE32AFE0}
		{46865CEE-260E-D798-0F83-F6AA62D9E9DC} = {D0ACAF69-A545-561C-8220-0846CE32AFE0}
		{D932AD72-5C9D-6C2E-D89D-A4B3902E69F5} = {D0ACAF69-A545-561C-8220-0846CE32AFE0}
		{D08ADF52-12BE-6FA6-9814-A6D0D27DE7D8} = {D0ACAF69-A545-561C-8220-0846CE32AFE0}
		{88DDB7BD-B4C0-12A9-3FF3-52E4E8303125} = {D0ACAF69-A545-561C-8220-0846CE32AFE0}
		{CC06FD5E-A717-5D55-1FDD-3BD03D9CE53C} = {D0ACAF69-A545-561C-8220-0846CE32AFE0}
		{ECA6C189-3D57-39B0-016C-A04415E8FB0B} = {D0ACAF69-A545-561C-8220-0846CE32AFE0}
		{8A196724-F6B6-39EA-99D4-4B3A02D774ED} = {D0ACAF69-A545-561C-8220-0846CE32AFE0}
	EndGlobalSection
	GlobalSection(ExtensibilityGlobals) = postSolution
		SolutionGuid = {31759044-0597-4DE4-824B-1C943B4CA3FE}
	EndGlobalSection
EndGlobal
